{
  "object": {
    "pins": [
      {
        "package": "swift-http-types",
        "repositoryURL": "https://github.com/apple/swift-http-types",
        "state": {
          "branch": null,
          "revision": "45eb0224913ea070ec4fba17291b9e7ecf4749ca",
          "version": "1.5.1"
        }
      },
      {
        "package": "swift-openapi-runtime",
        "repositoryURL": "https://github.com/apple/swift-openapi-runtime",
        "state": {
          "branch": null,
          "revision": "3d3a8457661daf7fb260ceeb9f0e24e5204ba5fb",
          "version": "1.12.0"
        }
      }
    ]
  },
  "version": 1
}
